
Microsoft Visual Studio Solution File, Format Version 12.00
# Visual Studio Version 17
VisualStudioVersion = 17.13.35919.96 d17.13
MinimumVisualStudioVersion = 10.0.40219.1
Project("{FAE04EC0-301F-11D3-BF4B-00C04F79EFBC}") = "Lab13App", "Lab13App\Lab13App.csproj", "{0850E83D-54E7-4B2E-9FBE-6355A4BF6F0E}"
EndProject
Global
	GlobalSection(SolutionConfigurationPlatforms) = preSolution
		Debug|Any CPU = Debug|Any CPU
		Release|Any CPU = Release|Any CPU
	EndGlobalSection
	GlobalSection(ProjectConfigurationPlatforms) = postSolution
		{0850E83D-54E7-4B2E-9FBE-6355A4BF6F0E}.Debug|Any CPU.ActiveCfg = Debug|Any CPU
		{0850E83D-54E7-4B2E-9FBE-6355A4BF6F0E}.Debug|Any CPU.Build.0 = Debug|Any CPU
		{0850E83D-54E7-4B2E-9FBE-6355A4BF6F0E}.Release|Any CPU.ActiveCfg = Release|Any CPU
		{0850E83D-54E7-4B2E-9FBE-6355A4BF6F0E}.Release|Any CPU.Build.0 = Release|Any CPU
	EndGlobalSection
	GlobalSection(SolutionProperties) = preSolution
		HideSolutionNode = FALSE
	EndGlobalSection
	GlobalSection(ExtensibilityGlobals) = postSolution
		SolutionGuid = {8715A786-DCA4-46AA-8ADC-DE93B3252366}
	EndGlobalSection
EndGlobal
